
Microsoft Visual Studio Solution File, Format Version 12.00
# Visual Studio Version 17
VisualStudioVersion = 17.2.32519.379
MinimumVisualStudioVersion = 10.0.40219.1
Project("{9A19103F-16F7-4668-BE54-9A1E7A4F7556}") = "GenericSolution", "Solution\GenericSolution.csproj", "{B3DCB75C-82D2-40EA-BB64-1D85B61AC746}"
EndProject
Project("{9A19103F-16F7-4668-BE54-9A1E7A4F7556}") = "Blind75", "Blind75\Blind75.csproj", "{2D9F3B0B-0085-4122-9974-663B2B045B36}"
EndProject
Project("{FAE04EC0-301F-11D3-BF4B-00C04F79EFBC}") = "SolutionTests", "SolutionTests\SolutionTests.csproj", "{8F0C8062-AFD7-42D8-BA32-03A972DE9868}"
EndProject
Global
	GlobalSection(SolutionConfigurationPlatforms) = preSolution
		Debug|Any CPU = Debug|Any CPU
		Release|Any CPU = Release|Any CPU
	EndGlobalSection
	GlobalSection(ProjectConfigurationPlatforms) = postSolution
		{B3DCB75C-82D2-40EA-BB64-1D85B61AC746}.Debug|Any CPU.ActiveCfg = Debug|Any CPU
		{B3DCB75C-82D2-40EA-BB64-1D85B61AC746}.Debug|Any CPU.Build.0 = Debug|Any CPU
		{B3DCB75C-82D2-40EA-BB64-1D85B61AC746}.Release|Any CPU.ActiveCfg = Release|Any CPU
		{B3DCB75C-82D2-40EA-BB64-1D85B61AC746}.Release|Any CPU.Build.0 = Release|Any CPU
		{2D9F3B0B-0085-4122-9974-663B2B045B36}.Debug|Any CPU.ActiveCfg = Debug|Any CPU
		{2D9F3B0B-0085-4122-9974-663B2B045B36}.Debug|Any CPU.Build.0 = Debug|Any CPU
		{2D9F3B0B-0085-4122-9974-663B2B045B36}.Release|Any CPU.ActiveCfg = Release|Any CPU
		{2D9F3B0B-0085-4122-9974-663B2B045B36}.Release|Any CPU.Build.0 = Release|Any CPU
		{8F0C8062-AFD7-42D8-BA32-03A972DE9868}.Debug|Any CPU.ActiveCfg = Debug|Any CPU
		{8F0C8062-AFD7-42D8-BA32-03A972DE9868}.Debug|Any CPU.Build.0 = Debug|Any CPU
		{8F0C8062-AFD7-42D8-BA32-03A972DE9868}.Release|Any CPU.ActiveCfg = Release|Any CPU
		{8F0C8062-AFD7-42D8-BA32-03A972DE9868}.Release|Any CPU.Build.0 = Release|Any CPU
	EndGlobalSection
	GlobalSection(SolutionProperties) = preSolution
		HideSolutionNode = FALSE
	EndGlobalSection
	GlobalSection(ExtensibilityGlobals) = postSolution
		SolutionGuid = {771D9B45-0C13-4E0B-81C1-1DD91C249555}
	EndGlobalSection
EndGlobal
