
Microsoft Visual Studio Solution File, Format Version 12.00
# Visual Studio Version 16
VisualStudioVersion = 16.0.32228.343
MinimumVisualStudioVersion = 10.0.40219.1
Project("{FAE04EC0-301F-11D3-BF4B-00C04F79EFBC}") = "GenericSolution", "Solution\GenericSolution.csproj", "{B3DCB75C-82D2-40EA-BB64-1D85B61AC746}"
EndProject
Project("{FAE04EC0-301F-11D3-BF4B-00C04F79EFBC}") = "Blind75", "Blind75\Blind75.csproj", "{2D9F3B0B-0085-4122-9974-663B2B045B36}"
EndProject
Project("{FAE04EC0-301F-11D3-BF4B-00C04F79EFBC}") = "ConsoleApp", "ConsoleApp\ConsoleApp.csproj", "{560B78B4-6178-479B-9D9F-4D9B0B792FF4}"
EndProject
Global
	GlobalSection(SolutionConfigurationPlatforms) = preSolution
		Debug|Any CPU = Debug|Any CPU
		Release|Any CPU = Release|Any CPU
	EndGlobalSection
	GlobalSection(ProjectConfigurationPlatforms) = postSolution
		{B3DCB75C-82D2-40EA-BB64-1D85B61AC746}.Debug|Any CPU.ActiveCfg = Debug|Any CPU
		{B3DCB75C-82D2-40EA-BB64-1D85B61AC746}.Debug|Any CPU.Build.0 = Debug|Any CPU
		{B3DCB75C-82D2-40EA-BB64-1D85B61AC746}.Release|Any CPU.ActiveCfg = Release|Any CPU
		{B3DCB75C-82D2-40EA-BB64-1D85B61AC746}.Release|Any CPU.Build.0 = Release|Any CPU
		{2D9F3B0B-0085-4122-9974-663B2B045B36}.Debug|Any CPU.ActiveCfg = Debug|Any CPU
		{2D9F3B0B-0085-4122-9974-663B2B045B36}.Debug|Any CPU.Build.0 = Debug|Any CPU
		{2D9F3B0B-0085-4122-9974-663B2B045B36}.Release|Any CPU.ActiveCfg = Release|Any CPU
		{2D9F3B0B-0085-4122-9974-663B2B045B36}.Release|Any CPU.Build.0 = Release|Any CPU
		{560B78B4-6178-479B-9D9F-4D9B0B792FF4}.Debug|Any CPU.ActiveCfg = Debug|Any CPU
		{560B78B4-6178-479B-9D9F-4D9B0B792FF4}.Debug|Any CPU.Build.0 = Debug|Any CPU
		{560B78B4-6178-479B-9D9F-4D9B0B792FF4}.Release|Any CPU.ActiveCfg = Release|Any CPU
		{560B78B4-6178-479B-9D9F-4D9B0B792FF4}.Release|Any CPU.Build.0 = Release|Any CPU
	EndGlobalSection
	GlobalSection(SolutionProperties) = preSolution
		HideSolutionNode = FALSE
	EndGlobalSection
	GlobalSection(ExtensibilityGlobals) = postSolution
		SolutionGuid = {771D9B45-0C13-4E0B-81C1-1DD91C249555}
	EndGlobalSection
EndGlobal
